// !$*UTF8*$!
{
	archiveVersion = 1;
	classes = {
	};
	objectVersion = 50;
	objects = {

/* Begin PBXBuildFile section */
		D81543B622B6B627000C9092 /* AppDelegate.swift in Sources */ = {isa = PBXBuildFile; fileRef = D81543B522B6B627000C9092 /* AppDelegate.swift */; };
		D81543B822B6B627000C9092 /* WelcomeVC.swift in Sources */ = {isa = PBXBuildFile; fileRef = D81543B722B6B627000C9092 /* WelcomeVC.swift */; };
		D81543BB22B6B627000C9092 /* Main.storyboard in Resources */ = {isa = PBXBuildFile; fileRef = D81543B922B6B627000C9092 /* Main.storyboard */; };
		D81543BD22B6B628000C9092 /* Assets.xcassets in Resources */ = {isa = PBXBuildFile; fileRef = D81543BC22B6B628000C9092 /* Assets.xcassets */; };
		D81543C022B6B628000C9092 /* LaunchScreen.storyboard in Resources */ = {isa = PBXBuildFile; fileRef = D81543BE22B6B628000C9092 /* LaunchScreen.storyboard */; };
		D81543C922B6C309000C9092 /* BorderButton.swift in Sources */ = {isa = PBXBuildFile; fileRef = D81543C822B6C309000C9092 /* BorderButton.swift */; };
		D896F9E622BD977300468B61 /* Player.swift in Sources */ = {isa = PBXBuildFile; fileRef = D896F9E522BD977300468B61 /* Player.swift */; };
		D896F9E822BE20D000468B61 /* FinalVC.swift in Sources */ = {isa = PBXBuildFile; fileRef = D896F9E722BE20D000468B61 /* FinalVC.swift */; };
		D8C8A1C422BA99E600331ED6 /* LeagueVC.swift in Sources */ = {isa = PBXBuildFile; fileRef = D8C8A1C322BA99E600331ED6 /* LeagueVC.swift */; };
		D8C8A1C622BA99FE00331ED6 /* LevelsVc.swift in Sources */ = {isa = PBXBuildFile; fileRef = D8C8A1C522BA99FE00331ED6 /* LevelsVc.swift */; };
/* End PBXBuildFile section */

/* Begin PBXFileReference section */
		D81543B222B6B627000C9092 /* swoosh.app */ = {isa = PBXFileReference; explicitFileType = wrapper.application; includeInIndex = 0; path = swoosh.app; sourceTree = BUILT_PRODUCTS_DIR; };
		D81543B522B6B627000C9092 /* AppDelegate.swift */ = {isa = PBXFileReference; lastKnownFileType = sourcecode.swift; path = AppDelegate.swift; sourceTree = "<group>"; };
		D81543B722B6B627000C9092 /* WelcomeVC.swift */ = {isa = PBXFileReference; lastKnownFileType = sourcecode.swift; path = WelcomeVC.swift; sourceTree = "<group>"; };
		D81543BA22B6B627000C9092 /* Base */ = {isa = PBXFileReference; lastKnownFileType = file.storyboard; name = Base; path = Base.lproj/Main.storyboard; sourceTree = "<group>"; };
		D81543BC22B6B628000C9092 /* Assets.xcassets */ = {isa = PBXFileReference; lastKnownFileType = folder.assetcatalog; path = Assets.xcassets; sourceTree = "<group>"; };
		D81543BF22B6B628000C9092 /* Base */ = {isa = PBXFileReference; lastKnownFileType = file.storyboard; name = Base; path = Base.lproj/LaunchScreen.storyboard; sourceTree = "<group>"; };
		D81543C122B6B628000C9092 /* Info.plist */ = {isa = PBXFileReference; lastKnownFileType = text.plist.xml; path = Info.plist; sourceTree = "<group>"; };
		D81543C822B6C309000C9092 /* BorderButton.swift */ = {isa = PBXFileReference; lastKnownFileType = sourcecode.swift; path = BorderButton.swift; sourceTree = "<group>"; };
		D896F9E522BD977300468B61 /* Player.swift */ = {isa = PBXFileReference; lastKnownFileType = sourcecode.swift; path = Player.swift; sourceTree = "<group>"; };
		D896F9E722BE20D000468B61 /* FinalVC.swift */ = {isa = PBXFileReference; lastKnownFileType = sourcecode.swift; path = FinalVC.swift; sourceTree = "<group>"; };
		D8C8A1C322BA99E600331ED6 /* LeagueVC.swift */ = {isa = PBXFileReference; lastKnownFileType = sourcecode.swift; path = LeagueVC.swift; sourceTree = "<group>"; };
		D8C8A1C522BA99FE00331ED6 /* LevelsVc.swift */ = {isa = PBXFileReference; lastKnownFileType = sourcecode.swift; path = LevelsVc.swift; sourceTree = "<group>"; };
/* End PBXFileReference section */

/* Begin PBXFrameworksBuildPhase section */
		D81543AF22B6B627000C9092 /* Frameworks */ = {
			isa = PBXFrameworksBuildPhase;
			buildActionMask = 2147483647;
			files = (
			);
			runOnlyForDeploymentPostprocessing = 0;
		};
/* End PBXFrameworksBuildPhase section */

/* Begin PBXGroup section */
		D81543A922B6B627000C9092 = {
			isa = PBXGroup;
			children = (
				D81543B422B6B627000C9092 /* swoosh */,
				D81543B322B6B627000C9092 /* Products */,
			);
			sourceTree = "<group>";
		};
		D81543B322B6B627000C9092 /* Products */ = {
			isa = PBXGroup;
			children = (
				D81543B222B6B627000C9092 /* swoosh.app */,
			);
			name = Products;
			sourceTree = "<group>";
		};
		D81543B422B6B627000C9092 /* swoosh */ = {
			isa = PBXGroup;
			children = (
				D8D2BDE322BA979500ADB950 /* controller */,
				D8D2BDE222BA978E00ADB950 /* model */,
				D81543C722B6C2E0000C9092 /* view */,
				D81543B522B6B627000C9092 /* AppDelegate.swift */,
				D81543B922B6B627000C9092 /* Main.storyboard */,
				D81543BC22B6B628000C9092 /* Assets.xcassets */,
				D81543BE22B6B628000C9092 /* LaunchScreen.storyboard */,
				D81543C122B6B628000C9092 /* Info.plist */,
			);
			path = swoosh;
			sourceTree = "<group>";
		};
		D81543C722B6C2E0000C9092 /* view */ = {
			isa = PBXGroup;
			children = (
				D81543C822B6C309000C9092 /* BorderButton.swift */,
			);
			path = view;
			sourceTree = "<group>";
		};
		D8D2BDE222BA978E00ADB950 /* model */ = {
			isa = PBXGroup;
			children = (
				D896F9E522BD977300468B61 /* Player.swift */,
			);
			path = model;
			sourceTree = "<group>";
		};
		D8D2BDE322BA979500ADB950 /* controller */ = {
			isa = PBXGroup;
			children = (
				D81543B722B6B627000C9092 /* WelcomeVC.swift */,
				D8C8A1C322BA99E600331ED6 /* LeagueVC.swift */,
				D8C8A1C522BA99FE00331ED6 /* LevelsVc.swift */,
				D896F9E722BE20D000468B61 /* FinalVC.swift */,
			);
			path = controller;
			sourceTree = "<group>";
		};
/* End PBXGroup section */

/* Begin PBXNativeTarget section */
		D81543B122B6B627000C9092 /* swoosh */ = {
			isa = PBXNativeTarget;
			buildConfigurationList = D81543C422B6B628000C9092 /* Build configuration list for PBXNativeTarget "swoosh" */;
			buildPhases = (
				D81543AE22B6B627000C9092 /* Sources */,
				D81543AF22B6B627000C9092 /* Frameworks */,
				D81543B022B6B627000C9092 /* Resources */,
			);
			buildRules = (
			);
			dependencies = (
			);
			name = swoosh;
			productName = swoosh;
			productReference = D81543B222B6B627000C9092 /* swoosh.app */;
			productType = "com.apple.product-type.application";
		};
/* End PBXNativeTarget section */

/* Begin PBXProject section */
		D81543AA22B6B627000C9092 /* Project object */ = {
			isa = PBXProject;
			attributes = {
				LastSwiftUpdateCheck = 1020;
				LastUpgradeCheck = 1020;
				ORGANIZATIONNAME = Joe;
				TargetAttributes = {
					D81543B122B6B627000C9092 = {
						CreatedOnToolsVersion = 10.2.1;
					};
				};
			};
			buildConfigurationList = D81543AD22B6B627000C9092 /* Build configuration list for PBXProject "swoosh" */;
			compatibilityVersion = "Xcode 9.3";
			developmentRegion = en;
			hasScannedForEncodings = 0;
			knownRegions = (
				en,
				Base,
			);
			mainGroup = D81543A922B6B627000C9092;
			productRefGroup = D81543B322B6B627000C9092 /* Products */;
			projectDirPath = "";
			projectRoot = "";
			targets = (
				D81543B122B6B627000C9092 /* swoosh */,
			);
		};
/* End PBXProject section */

/* Begin PBXResourcesBuildPhase section */
		D81543B022B6B627000C9092 /* Resources */ = {
			isa = PBXResourcesBuildPhase;
			buildActionMask = 2147483647;
			files = (
				D81543C022B6B628000C9092 /* LaunchScreen.storyboard in Resources */,
				D81543BD22B6B628000C9092 /* Assets.xcassets in Resources */,
				D81543BB22B6B627000C9092 /* Main.storyboard in Resources */,
			);
			runOnlyForDeploymentPostprocessing = 0;
		};
/* End PBXResourcesBuildPhase section */

/* Begin PBXSourcesBuildPhase section */
		D81543AE22B6B627000C9092 /* Sources */ = {
			isa = PBXSourcesBuildPhase;
			buildActionMask = 2147483647;
			files = (
				D896F9E822BE20D000468B61 /* FinalVC.swift in Sources */,
				D81543B822B6B627000C9092 /* WelcomeVC.swift in Sources */,
				D8C8A1C422BA99E600331ED6 /* LeagueVC.swift in Sources */,
				D81543B622B6B627000C9092 /* AppDelegate.swift in Sources */,
				D8C8A1C622BA99FE00331ED6 /* LevelsVc.swift in Sources */,
				D896F9E622BD977300468B61 /* Player.swift in Sources */,
				D81543C922B6C309000C9092 /* BorderButton.swift in Sources */,
			);
			runOnlyForDeploymentPostprocessing = 0;
		};
/* End PBXSourcesBuildPhase section */

/* Begin PBXVariantGroup section */
		D81543B922B6B627000C9092 /* Main.storyboard */ = {
			isa = PBXVariantGroup;
			children = (
				D81543BA22B6B627000C9092 /* Base */,
			);
			name = Main.storyboard;
			sourceTree = "<group>";
		};
		D81543BE22B6B628000C9092 /* LaunchScreen.storyboard */ = {
			isa = PBXVariantGroup;
			children = (
				D81543BF22B6B628000C9092 /* Base */,
			);
			name = LaunchScreen.storyboard;
			sourceTree = "<group>";
		};
/* End PBXVariantGroup section */

/* Begin XCBuildConfiguration section */
		D81543C222B6B628000C9092 /* Debug */ = {
			isa = XCBuildConfiguration;
			buildSettings = {
				ALWAYS_SEARCH_USER_PATHS = NO;
				CLANG_ANALYZER_NONNULL = YES;
				CLANG_ANALYZER_NUMBER_OBJECT_CONVERSION = YES_AGGRESSIVE;
				CLANG_CXX_LANGUAGE_STANDARD = "gnu++14";
				CLANG_CXX_LIBRARY = "libc++";
				CLANG_ENABLE_MODULES = YES;
				CLANG_ENABLE_OBJC_ARC = YES;
				CLANG_ENABLE_OBJC_WEAK = YES;
				CLANG_WARN_BLOCK_CAPTURE_AUTORELEASING = YES;
				CLANG_WARN_BOOL_CONVERSION = YES;
				CLANG_WARN_COMMA = YES;
				CLANG_WARN_CONSTANT_CONVERSION = YES;
				CLANG_WARN_DEPRECATED_OBJC_IMPLEMENTATIONS = YES;
				CLANG_WARN_DIRECT_OBJC_ISA_USAGE = YES_ERROR;
				CLANG_WARN_DOCUMENTATION_COMMENTS = YES;
				CLANG_WARN_EMPTY_BODY = YES;
				CLANG_WARN_ENUM_CONVERSION = YES;
				CLANG_WARN_INFINITE_RECURSION = YES;
				CLANG_WARN_INT_CONVERSION = YES;
				CLANG_WARN_NON_LITERAL_NULL_CONVERSION = YES;
				CLANG_WARN_OBJC_IMPLICIT_RETAIN_SELF = YES;
				CLANG_WARN_OBJC_LITERAL_CONVERSION = YES;
				CLANG_WARN_OBJC_ROOT_CLASS = YES_ERROR;
				CLANG_WARN_RANGE_LOOP_ANALYSIS = YES;
				CLANG_WARN_STRICT_PROTOTYPES = YES;
				CLANG_WARN_SUSPICIOUS_MOVE = YES;
				CLANG_WARN_UNGUARDED_AVAILABILITY = YES_AGGRESSIVE;
				CLANG_WARN_UNREACHABLE_CODE = YES;
				CLANG_WARN__DUPLICATE_METHOD_MATCH = YES;
				CODE_SIGN_IDENTITY = "iPhone Developer";
				COPY_PHASE_STRIP = NO;
				DEBUG_INFORMATION_FORMAT = dwarf;
				ENABLE_STRICT_OBJC_MSGSEND = YES;
				ENABLE_TESTABILITY = YES;
				GCC_C_LANGUAGE_STANDARD = gnu11;
				GCC_DYNAMIC_NO_PIC = NO;
				GCC_NO_COMMON_BLOCKS = YES;
				GCC_OPTIMIZATION_LEVEL = 0;
				GCC_PREPROCESSOR_DEFINITIONS = (
					"DEBUG=1",
					"$(inherited)",
				);
				GCC_WARN_64_TO_32_BIT_CONVERSION = YES;
				GCC_WARN_ABOUT_RETURN_TYPE = YES_ERROR;
				GCC_WARN_UNDECLARED_SELECTOR = YES;
				GCC_WARN_UNINITIALIZED_AUTOS = YES_AGGRESSIVE;
				GCC_WARN_UNUSED_FUNCTION = YES;
				GCC_WARN_UNUSED_VARIABLE = YES;
				IPHONEOS_DEPLOYMENT_TARGET = 12.2;
				MTL_ENABLE_DEBUG_INFO = INCLUDE_SOURCE;
				MTL_FAST_MATH = YES;
				ONLY_ACTIVE_ARCH = YES;
				SDKROOT = iphoneos;
				SWIFT_ACTIVE_COMPILATION_CONDITIONS = DEBUG;
				SWIFT_OPTIMIZATION_LEVEL = "-Onone";
			};
			name = Debug;
		};
		D81543C322B6B628000C9092 /* Release */ = {
			isa = XCBuildConfiguration;
			buildSettings = {
				ALWAYS_SEARCH_USER_PATHS = NO;
				CLANG_ANALYZER_NONNULL = YES;
				CLANG_ANALYZER_NUMBER_OBJECT_CONVERSION = YES_AGGRESSIVE;
				CLANG_CXX_LANGUAGE_STANDARD = "gnu++14";
				CLANG_CXX_LIBRARY = "libc++";
				CLANG_ENABLE_MODULES = YES;
				CLANG_ENABLE_OBJC_ARC = YES;
				CLANG_ENABLE_OBJC_WEAK = YES;
				CLANG_WARN_BLOCK_CAPTURE_AUTORELEASING = YES;
				CLANG_WARN_BOOL_CONVERSION = YES;
				CLANG_WARN_COMMA = YES;
				CLANG_WARN_CONSTANT_CONVERSION = YES;
				CLANG_WARN_DEPRECATED_OBJC_IMPLEMENTATIONS = YES;
				CLANG_WARN_DIRECT_OBJC_ISA_USAGE = YES_ERROR;
				CLANG_WARN_DOCUMENTATION_COMMENTS = YES;
				CLANG_WARN_EMPTY_BODY = YES;
				CLANG_WARN_ENUM_CONVERSION = YES;
				CLANG_WARN_INFINITE_RECURSION = YES;
				CLANG_WARN_INT_CONVERSION = YES;
				CLANG_WARN_NON_LITERAL_NULL_CONVERSION = YES;
				CLANG_WARN_OBJC_IMPLICIT_RETAIN_SELF = YES;
				CLANG_WARN_OBJC_LITERAL_CONVERSION = YES;
				CLANG_WARN_OBJC_ROOT_CLASS = YES_ERROR;
				CLANG_WARN_RANGE_LOOP_ANALYSIS = YES;
				CLANG_WARN_STRICT_PROTOTYPES = YES;
				CLANG_WARN_SUSPICIOUS_MOVE = YES;
				CLANG_WARN_UNGUARDED_AVAILABILITY = YES_AGGRESSIVE;
				CLANG_WARN_UNREACHABLE_CODE = YES;
				CLANG_WARN__DUPLICATE_METHOD_MATCH = YES;
				CODE_SIGN_IDENTITY = "iPhone Developer";
				COPY_PHASE_STRIP = NO;
				DEBUG_INFORMATION_FORMAT = "dwarf-with-dsym";
				ENABLE_NS_ASSERTIONS = NO;
				ENABLE_STRICT_OBJC_MSGSEND = YES;
				GCC_C_LANGUAGE_STANDARD = gnu11;
				GCC_NO_COMMON_BLOCKS = YES;
				GCC_WARN_64_TO_32_BIT_CONVERSION = YES;
				GCC_WARN_ABOUT_RETURN_TYPE = YES_ERROR;
				GCC_WARN_UNDECLARED_SELECTOR = YES;
				GCC_WARN_UNINITIALIZED_AUTOS = YES_AGGRESSIVE;
				GCC_WARN_UNUSED_FUNCTION = YES;
				GCC_WARN_UNUSED_VARIABLE = YES;
				IPHONEOS_DEPLOYMENT_TARGET = 12.2;
				MTL_ENABLE_DEBUG_INFO = NO;
				MTL_FAST_MATH = YES;
				SDKROOT = iphoneos;
				SWIFT_COMPILATION_MODE = wholemodule;
				SWIFT_OPTIMIZATION_LEVEL = "-O";
				VALIDATE_PRODUCT = YES;
			};
			name = Release;
		};
		D81543C522B6B628000C9092 /* Debug */ = {
			isa = XCBuildConfiguration;
			buildSettings = {
				ASSETCATALOG_COMPILER_APPICON_NAME = AppIcon;
				CODE_SIGN_STYLE = Automatic;
				INFOPLIST_FILE = swoosh/Info.plist;
				LD_RUNPATH_SEARCH_PATHS = (
					"$(inherited)",
					"@executable_path/Frameworks",
				);
				PRODUCT_BUNDLE_IDENTIFIER = com.joe.swoosh;
				PRODUCT_NAME = "$(TARGET_NAME)";
				SWIFT_VERSION = 5.0;
				TARGETED_DEVICE_FAMILY = "1,2";
			};
			name = Debug;
		};
		D81543C622B6B628000C9092 /* Release */ = {
			isa = XCBuildConfiguration;
			buildSettings = {
				ASSETCATALOG_COMPILER_APPICON_NAME = AppIcon;
				CODE_SIGN_STYLE = Automatic;
				INFOPLIST_FILE = swoosh/Info.plist;
				LD_RUNPATH_SEARCH_PATHS = (
					"$(inherited)",
					"@executable_path/Frameworks",
				);
				PRODUCT_BUNDLE_IDENTIFIER = com.joe.swoosh;
				PRODUCT_NAME = "$(TARGET_NAME)";
				SWIFT_VERSION = 5.0;
				TARGETED_DEVICE_FAMILY = "1,2";
			};
			name = Release;
		};
/* End XCBuildConfiguration section */

/* Begin XCConfigurationList section */
		D81543AD22B6B627000C9092 /* Build configuration list for PBXProject "swoosh" */ = {
			isa = XCConfigurationList;
			buildConfigurations = (
				D81543C222B6B628000C9092 /* Debug */,
				D81543C322B6B628000C9092 /* Release */,
			);
			defaultConfigurationIsVisible = 0;
			defaultConfigurationName = Release;
		};
		D81543C422B6B628000C9092 /* Build configuration list for PBXNativeTarget "swoosh" */ = {
			isa = XCConfigurationList;
			buildConfigurations = (
				D81543C522B6B628000C9092 /* Debug */,
				D81543C622B6B628000C9092 /* Release */,
			);
			defaultConfigurationIsVisible = 0;
			defaultConfigurationName = Release;
		};
/* End XCConfigurationList section */
	};
	rootObject = D81543AA22B6B627000C9092 /* Project object */;
}
